
Microsoft Visual Studio Solution File, Format Version 12.00
# Visual Studio Version 17
VisualStudioVersion = 17.6.33829.357
MinimumVisualStudioVersion = 10.0.40219.1
Project("{9A19103F-16F7-4668-BE54-9A1E7A4F7556}") = "Objetos_e_Projetos", "ConsoleApp3\Objetos_e_Projetos.csproj", "{23C45340-552D-45DF-ACD2-C88CE4ED44FC}"
EndProject
Global
	GlobalSection(SolutionConfigurationPlatforms) = preSolution
		Debug|Any CPU = Debug|Any CPU
		Release|Any CPU = Release|Any CPU
	EndGlobalSection
	GlobalSection(ProjectConfigurationPlatforms) = postSolution
		{23C45340-552D-45DF-ACD2-C88CE4ED44FC}.Debug|Any CPU.ActiveCfg = Debug|Any CPU
		{23C45340-552D-45DF-ACD2-C88CE4ED44FC}.Debug|Any CPU.Build.0 = Debug|Any CPU
		{23C45340-552D-45DF-ACD2-C88CE4ED44FC}.Release|Any CPU.ActiveCfg = Release|Any CPU
		{23C45340-552D-45DF-ACD2-C88CE4ED44FC}.Release|Any CPU.Build.0 = Release|Any CPU
	EndGlobalSection
	GlobalSection(SolutionProperties) = preSolution
		HideSolutionNode = FALSE
	EndGlobalSection
	GlobalSection(ExtensibilityGlobals) = postSolution
		SolutionGuid = {75A057F3-4984-4E16-93D9-977731A64061}
	EndGlobalSection
EndGlobal
