
Microsoft Visual Studio Solution File, Format Version 12.00
# Visual Studio Version 17
VisualStudioVersion = 17.6.33829.357
MinimumVisualStudioVersion = 10.0.40219.1
Project("{FAE04EC0-301F-11D3-BF4B-00C04F79EFBC}") = "ConsoleApp2", "ConsoleApp2\ConsoleApp2.csproj", "{BE0CB831-D464-4515-B8DF-188525F819EB}"
EndProject
Global
	GlobalSection(SolutionConfigurationPlatforms) = preSolution
		Debug|Any CPU = Debug|Any CPU
		Release|Any CPU = Release|Any CPU
	EndGlobalSection
	GlobalSection(ProjectConfigurationPlatforms) = postSolution
		{BE0CB831-D464-4515-B8DF-188525F819EB}.Debug|Any CPU.ActiveCfg = Debug|Any CPU
		{BE0CB831-D464-4515-B8DF-188525F819EB}.Debug|Any CPU.Build.0 = Debug|Any CPU
		{BE0CB831-D464-4515-B8DF-188525F819EB}.Release|Any CPU.ActiveCfg = Release|Any CPU
		{BE0CB831-D464-4515-B8DF-188525F819EB}.Release|Any CPU.Build.0 = Release|Any CPU
	EndGlobalSection
	GlobalSection(SolutionProperties) = preSolution
		HideSolutionNode = FALSE
	EndGlobalSection
	GlobalSection(ExtensibilityGlobals) = postSolution
		SolutionGuid = {AD7E298F-52B9-4181-B7DE-E51ACE4EB912}
	EndGlobalSection
EndGlobal
