
Microsoft Visual Studio Solution File, Format Version 12.00
# Visual Studio Version 17
VisualStudioVersion = 17.6.33829.357
MinimumVisualStudioVersion = 10.0.40219.1
Project("{FAE04EC0-301F-11D3-BF4B-00C04F79EFBC}") = "Operadores lógicos", "Operadores lógicos\Operadores lógicos.csproj", "{8160755F-EF38-4345-A2A2-8581D0600676}"
EndProject
Global
	GlobalSection(SolutionConfigurationPlatforms) = preSolution
		Debug|Any CPU = Debug|Any CPU
		Release|Any CPU = Release|Any CPU
	EndGlobalSection
	GlobalSection(ProjectConfigurationPlatforms) = postSolution
		{8160755F-EF38-4345-A2A2-8581D0600676}.Debug|Any CPU.ActiveCfg = Debug|Any CPU
		{8160755F-EF38-4345-A2A2-8581D0600676}.Debug|Any CPU.Build.0 = Debug|Any CPU
		{8160755F-EF38-4345-A2A2-8581D0600676}.Release|Any CPU.ActiveCfg = Release|Any CPU
		{8160755F-EF38-4345-A2A2-8581D0600676}.Release|Any CPU.Build.0 = Release|Any CPU
	EndGlobalSection
	GlobalSection(SolutionProperties) = preSolution
		HideSolutionNode = FALSE
	EndGlobalSection
	GlobalSection(ExtensibilityGlobals) = postSolution
		SolutionGuid = {2642B9FA-6F6F-4AC9-A863-26F253D2761E}
	EndGlobalSection
EndGlobal
