
Microsoft Visual Studio Solution File, Format Version 12.00
# Visual Studio Version 17
VisualStudioVersion = 17.6.33829.357
MinimumVisualStudioVersion = 10.0.40219.1
Project("{FAE04EC0-301F-11D3-BF4B-00C04F79EFBC}") = "Estrutura Sequencial ex2", "Estrutura Sequencial ex2\Estrutura Sequencial ex2.csproj", "{A0B8E5E9-1CF6-4F98-BCB2-27C7EB3AF052}"
EndProject
Global
	GlobalSection(SolutionConfigurationPlatforms) = preSolution
		Debug|Any CPU = Debug|Any CPU
		Release|Any CPU = Release|Any CPU
	EndGlobalSection
	GlobalSection(ProjectConfigurationPlatforms) = postSolution
		{A0B8E5E9-1CF6-4F98-BCB2-27C7EB3AF052}.Debug|Any CPU.ActiveCfg = Debug|Any CPU
		{A0B8E5E9-1CF6-4F98-BCB2-27C7EB3AF052}.Debug|Any CPU.Build.0 = Debug|Any CPU
		{A0B8E5E9-1CF6-4F98-BCB2-27C7EB3AF052}.Release|Any CPU.ActiveCfg = Release|Any CPU
		{A0B8E5E9-1CF6-4F98-BCB2-27C7EB3AF052}.Release|Any CPU.Build.0 = Release|Any CPU
	EndGlobalSection
	GlobalSection(SolutionProperties) = preSolution
		HideSolutionNode = FALSE
	EndGlobalSection
	GlobalSection(ExtensibilityGlobals) = postSolution
		SolutionGuid = {1B94760D-9E51-448B-A42C-2DBF941B4FB9}
	EndGlobalSection
EndGlobal
