
Microsoft Visual Studio Solution File, Format Version 12.00
# Visual Studio Version 17
VisualStudioVersion = 17.6.33829.357
MinimumVisualStudioVersion = 10.0.40219.1
Project("{FAE04EC0-301F-11D3-BF4B-00C04F79EFBC}") = "Operadores comparativos", "Operadores comparativos\Operadores comparativos.csproj", "{37B5F202-9601-4869-9D4A-933588E7848D}"
EndProject
Global
	GlobalSection(SolutionConfigurationPlatforms) = preSolution
		Debug|Any CPU = Debug|Any CPU
		Release|Any CPU = Release|Any CPU
	EndGlobalSection
	GlobalSection(ProjectConfigurationPlatforms) = postSolution
		{37B5F202-9601-4869-9D4A-933588E7848D}.Debug|Any CPU.ActiveCfg = Debug|Any CPU
		{37B5F202-9601-4869-9D4A-933588E7848D}.Debug|Any CPU.Build.0 = Debug|Any CPU
		{37B5F202-9601-4869-9D4A-933588E7848D}.Release|Any CPU.ActiveCfg = Release|Any CPU
		{37B5F202-9601-4869-9D4A-933588E7848D}.Release|Any CPU.Build.0 = Release|Any CPU
	EndGlobalSection
	GlobalSection(SolutionProperties) = preSolution
		HideSolutionNode = FALSE
	EndGlobalSection
	GlobalSection(ExtensibilityGlobals) = postSolution
		SolutionGuid = {85EA1497-747B-4359-AEED-890C332B6B11}
	EndGlobalSection
EndGlobal
