
Microsoft Visual Studio Solution File, Format Version 12.00
# Visual Studio Version 17
VisualStudioVersion = 17.6.33829.357
MinimumVisualStudioVersion = 10.0.40219.1
Project("{FAE04EC0-301F-11D3-BF4B-00C04F79EFBC}") = "ConsoleApp4", "ConsoleApp4\ConsoleApp4.csproj", "{32BF2A30-45B3-4EBD-8250-6A45A3FB9BAB}"
EndProject
Global
	GlobalSection(SolutionConfigurationPlatforms) = preSolution
		Debug|Any CPU = Debug|Any CPU
		Release|Any CPU = Release|Any CPU
	EndGlobalSection
	GlobalSection(ProjectConfigurationPlatforms) = postSolution
		{32BF2A30-45B3-4EBD-8250-6A45A3FB9BAB}.Debug|Any CPU.ActiveCfg = Debug|Any CPU
		{32BF2A30-45B3-4EBD-8250-6A45A3FB9BAB}.Debug|Any CPU.Build.0 = Debug|Any CPU
		{32BF2A30-45B3-4EBD-8250-6A45A3FB9BAB}.Release|Any CPU.ActiveCfg = Release|Any CPU
		{32BF2A30-45B3-4EBD-8250-6A45A3FB9BAB}.Release|Any CPU.Build.0 = Release|Any CPU
	EndGlobalSection
	GlobalSection(SolutionProperties) = preSolution
		HideSolutionNode = FALSE
	EndGlobalSection
	GlobalSection(ExtensibilityGlobals) = postSolution
		SolutionGuid = {F024ADF9-F615-474D-ADB5-5FDE31EE118B}
	EndGlobalSection
EndGlobal
